
Microsoft Visual Studio Solution File, Format Version 12.00
# Visual Studio Version 16
VisualStudioVersion = 16.0.33214.272
MinimumVisualStudioVersion = 10.0.40219.1
Project("{FAE04EC0-301F-11D3-BF4B-00C04F79EFBC}") = "DataAccess", "DataAccess\DataAccess.csproj", "{CC8E5C24-B093-4551-B453-310B877DB030}"
EndProject
Project("{FAE04EC0-301F-11D3-BF4B-00C04F79EFBC}") = "Business", "Business\Business.csproj", "{A0252043-BF6A-4D39-9778-00F30C133E81}"
EndProject
Project("{FAE04EC0-301F-11D3-BF4B-00C04F79EFBC}") = "Entities", "Entities\Entities.csproj", "{46914FDF-92F1-43CC-B9FE-94F475B2CDB6}"
EndProject
Project("{FAE04EC0-301F-11D3-BF4B-00C04F79EFBC}") = "UI", "UI\UI.csproj", "{4A04D2A8-D5CD-459C-8DED-3A0A90D9D7C7}"
EndProject
Project("{FAE04EC0-301F-11D3-BF4B-00C04F79EFBC}") = "TestApi", "TestApi\TestApi.csproj", "{EFEDCE34-95BE-4069-9940-9DFDB6EF79BE}"
EndProject
Global
	GlobalSection(SolutionConfigurationPlatforms) = preSolution
		Debug|Any CPU = Debug|Any CPU
		Release|Any CPU = Release|Any CPU
	EndGlobalSection
	GlobalSection(ProjectConfigurationPlatforms) = postSolution
		{CC8E5C24-B093-4551-B453-310B877DB030}.Debug|Any CPU.ActiveCfg = Debug|Any CPU
		{CC8E5C24-B093-4551-B453-310B877DB030}.Debug|Any CPU.Build.0 = Debug|Any CPU
		{CC8E5C24-B093-4551-B453-310B877DB030}.Release|Any CPU.ActiveCfg = Release|Any CPU
		{CC8E5C24-B093-4551-B453-310B877DB030}.Release|Any CPU.Build.0 = Release|Any CPU
		{A0252043-BF6A-4D39-9778-00F30C133E81}.Debug|Any CPU.ActiveCfg = Debug|Any CPU
		{A0252043-BF6A-4D39-9778-00F30C133E81}.Debug|Any CPU.Build.0 = Debug|Any CPU
		{A0252043-BF6A-4D39-9778-00F30C133E81}.Release|Any CPU.ActiveCfg = Release|Any CPU
		{A0252043-BF6A-4D39-9778-00F30C133E81}.Release|Any CPU.Build.0 = Release|Any CPU
		{46914FDF-92F1-43CC-B9FE-94F475B2CDB6}.Debug|Any CPU.ActiveCfg = Debug|Any CPU
		{46914FDF-92F1-43CC-B9FE-94F475B2CDB6}.Debug|Any CPU.Build.0 = Debug|Any CPU
		{46914FDF-92F1-43CC-B9FE-94F475B2CDB6}.Release|Any CPU.ActiveCfg = Release|Any CPU
		{46914FDF-92F1-43CC-B9FE-94F475B2CDB6}.Release|Any CPU.Build.0 = Release|Any CPU
		{4A04D2A8-D5CD-459C-8DED-3A0A90D9D7C7}.Debug|Any CPU.ActiveCfg = Debug|Any CPU
		{4A04D2A8-D5CD-459C-8DED-3A0A90D9D7C7}.Debug|Any CPU.Build.0 = Debug|Any CPU
		{4A04D2A8-D5CD-459C-8DED-3A0A90D9D7C7}.Release|Any CPU.ActiveCfg = Release|Any CPU
		{4A04D2A8-D5CD-459C-8DED-3A0A90D9D7C7}.Release|Any CPU.Build.0 = Release|Any CPU
		{EFEDCE34-95BE-4069-9940-9DFDB6EF79BE}.Debug|Any CPU.ActiveCfg = Debug|Any CPU
		{EFEDCE34-95BE-4069-9940-9DFDB6EF79BE}.Debug|Any CPU.Build.0 = Debug|Any CPU
		{EFEDCE34-95BE-4069-9940-9DFDB6EF79BE}.Release|Any CPU.ActiveCfg = Release|Any CPU
		{EFEDCE34-95BE-4069-9940-9DFDB6EF79BE}.Release|Any CPU.Build.0 = Release|Any CPU
	EndGlobalSection
	GlobalSection(SolutionProperties) = preSolution
		HideSolutionNode = FALSE
	EndGlobalSection
	GlobalSection(ExtensibilityGlobals) = postSolution
		SolutionGuid = {A5E34887-7DDF-4518-A2E6-453BB1B6990C}
	EndGlobalSection
EndGlobal
